
Microsoft Visual Studio Solution File, Format Version 12.00
# Visual Studio Version 17
VisualStudioVersion = 17.0.31512.422
MinimumVisualStudioVersion = 10.0.40219.1
Project("{FAE04EC0-301F-11D3-BF4B-00C04F79EFBC}") = "Store", "Store\Store.csproj", "{304898F4-FEEA-4DA5-8CF0-D31CEC945BFB}"
EndProject
Global
	GlobalSection(SolutionConfigurationPlatforms) = preSolution
		Debug|Any CPU = Debug|Any CPU
		Release|Any CPU = Release|Any CPU
	EndGlobalSection
	GlobalSection(ProjectConfigurationPlatforms) = postSolution
		{304898F4-FEEA-4DA5-8CF0-D31CEC945BFB}.Debug|Any CPU.ActiveCfg = Debug|Any CPU
		{304898F4-FEEA-4DA5-8CF0-D31CEC945BFB}.Debug|Any CPU.Build.0 = Debug|Any CPU
		{304898F4-FEEA-4DA5-8CF0-D31CEC945BFB}.Release|Any CPU.ActiveCfg = Release|Any CPU
		{304898F4-FEEA-4DA5-8CF0-D31CEC945BFB}.Release|Any CPU.Build.0 = Release|Any CPU
	EndGlobalSection
	GlobalSection(SolutionProperties) = preSolution
		HideSolutionNode = FALSE
	EndGlobalSection
	GlobalSection(ExtensibilityGlobals) = postSolution
		SolutionGuid = {85C1796D-C040-437A-9937-D835CA791D48}
	EndGlobalSection
EndGlobal
